
Microsoft Visual Studio Solution File, Format Version 12.00
# Visual Studio 15
VisualStudioVersion = 15.0.26730.15
MinimumVisualStudioVersion = 10.0.40219.1
Project("{FAE04EC0-301F-11D3-BF4B-00C04F79EFBC}") = "01. Define a Class Person", "01. Define a Class Person\01. Define a Class Person.csproj", "{379C850F-F45E-4EB1-AB4B-1CDFCF2208FF}"
EndProject
Project("{FAE04EC0-301F-11D3-BF4B-00C04F79EFBC}") = "02. Creating Constructors", "02. Creating Constructors\02. Creating Constructors.csproj", "{A26F6887-0B6E-436F-8E24-6E415C063A7D}"
EndProject
Project("{FAE04EC0-301F-11D3-BF4B-00C04F79EFBC}") = "03. Opinion Poll", "03. Opinion Poll\03. Opinion Poll.csproj", "{DC365CFD-9A8D-4C79-A176-C2BD8F189535}"
EndProject
Project("{FAE04EC0-301F-11D3-BF4B-00C04F79EFBC}") = "04. Speed Racing", "04. Speed Racing\04. Speed Racing.csproj", "{2EFD38A7-5D5B-4086-A213-5B2671EDD9F2}"
EndProject
Project("{FAE04EC0-301F-11D3-BF4B-00C04F79EFBC}") = "05. Company Roster", "05. Company Roster\05. Company Roster.csproj", "{30836875-CF53-49FB-8E23-EC02B0969AC1}"
EndProject
Global
	GlobalSection(SolutionConfigurationPlatforms) = preSolution
		Debug|Any CPU = Debug|Any CPU
		Release|Any CPU = Release|Any CPU
	EndGlobalSection
	GlobalSection(ProjectConfigurationPlatforms) = postSolution
		{379C850F-F45E-4EB1-AB4B-1CDFCF2208FF}.Debug|Any CPU.ActiveCfg = Debug|Any CPU
		{379C850F-F45E-4EB1-AB4B-1CDFCF2208FF}.Debug|Any CPU.Build.0 = Debug|Any CPU
		{379C850F-F45E-4EB1-AB4B-1CDFCF2208FF}.Release|Any CPU.ActiveCfg = Release|Any CPU
		{379C850F-F45E-4EB1-AB4B-1CDFCF2208FF}.Release|Any CPU.Build.0 = Release|Any CPU
		{A26F6887-0B6E-436F-8E24-6E415C063A7D}.Debug|Any CPU.ActiveCfg = Debug|Any CPU
		{A26F6887-0B6E-436F-8E24-6E415C063A7D}.Debug|Any CPU.Build.0 = Debug|Any CPU
		{A26F6887-0B6E-436F-8E24-6E415C063A7D}.Release|Any CPU.ActiveCfg = Release|Any CPU
		{A26F6887-0B6E-436F-8E24-6E415C063A7D}.Release|Any CPU.Build.0 = Release|Any CPU
		{DC365CFD-9A8D-4C79-A176-C2BD8F189535}.Debug|Any CPU.ActiveCfg = Debug|Any CPU
		{DC365CFD-9A8D-4C79-A176-C2BD8F189535}.Debug|Any CPU.Build.0 = Debug|Any CPU
		{DC365CFD-9A8D-4C79-A176-C2BD8F189535}.Release|Any CPU.ActiveCfg = Release|Any CPU
		{DC365CFD-9A8D-4C79-A176-C2BD8F189535}.Release|Any CPU.Build.0 = Release|Any CPU
		{2EFD38A7-5D5B-4086-A213-5B2671EDD9F2}.Debug|Any CPU.ActiveCfg = Debug|Any CPU
		{2EFD38A7-5D5B-4086-A213-5B2671EDD9F2}.Debug|Any CPU.Build.0 = Debug|Any CPU
		{2EFD38A7-5D5B-4086-A213-5B2671EDD9F2}.Release|Any CPU.ActiveCfg = Release|Any CPU
		{2EFD38A7-5D5B-4086-A213-5B2671EDD9F2}.Release|Any CPU.Build.0 = Release|Any CPU
		{30836875-CF53-49FB-8E23-EC02B0969AC1}.Debug|Any CPU.ActiveCfg = Debug|Any CPU
		{30836875-CF53-49FB-8E23-EC02B0969AC1}.Debug|Any CPU.Build.0 = Debug|Any CPU
		{30836875-CF53-49FB-8E23-EC02B0969AC1}.Release|Any CPU.ActiveCfg = Release|Any CPU
		{30836875-CF53-49FB-8E23-EC02B0969AC1}.Release|Any CPU.Build.0 = Release|Any CPU
	EndGlobalSection
	GlobalSection(SolutionProperties) = preSolution
		HideSolutionNode = FALSE
	EndGlobalSection
	GlobalSection(ExtensibilityGlobals) = postSolution
		SolutionGuid = {E83658E6-5139-4B0C-B6E2-A247B060E3FC}
	EndGlobalSection
EndGlobal
