
Microsoft Visual Studio Solution File, Format Version 12.00
# Visual Studio 15
VisualStudioVersion = 15.0.26730.15
MinimumVisualStudioVersion = 10.0.40219.1
Project("{9A19103F-16F7-4668-BE54-9A1E7A4F7556}") = "P01_BillsPaymentSystem.App", "P01_BillsPaymentSystem.App\P01_BillsPaymentSystem.App.csproj", "{8D1FB23B-FDBA-49D5-B4FE-E1CC1A442409}"
EndProject
Project("{9A19103F-16F7-4668-BE54-9A1E7A4F7556}") = "P01_BillsPaymentSystem.Data", "P01_BillsPaymentSystem.Data\P01_BillsPaymentSystem.Data.csproj", "{403D7E2E-D810-4FE1-8AF3-7F8945D9EDD2}"
EndProject
Project("{9A19103F-16F7-4668-BE54-9A1E7A4F7556}") = "P01_BillsPaymentSystem.Models", "P01_BillsPaymentSystem.Models\P01_BillsPaymentSystem.Models.csproj", "{B0C894E7-17C4-4749-99E4-268E1637E009}"
EndProject
Project("{FAE04EC0-301F-11D3-BF4B-00C04F79EFBC}") = "P01_DataGenerator", "P01_DataGenerator\P01_DataGenerator.csproj", "{5BE956D5-DD4F-451C-88E8-866F5B720A03}"
EndProject
Global
	GlobalSection(SolutionConfigurationPlatforms) = preSolution
		Debug|Any CPU = Debug|Any CPU
		Release|Any CPU = Release|Any CPU
	EndGlobalSection
	GlobalSection(ProjectConfigurationPlatforms) = postSolution
		{8D1FB23B-FDBA-49D5-B4FE-E1CC1A442409}.Debug|Any CPU.ActiveCfg = Debug|Any CPU
		{8D1FB23B-FDBA-49D5-B4FE-E1CC1A442409}.Debug|Any CPU.Build.0 = Debug|Any CPU
		{8D1FB23B-FDBA-49D5-B4FE-E1CC1A442409}.Release|Any CPU.ActiveCfg = Release|Any CPU
		{8D1FB23B-FDBA-49D5-B4FE-E1CC1A442409}.Release|Any CPU.Build.0 = Release|Any CPU
		{403D7E2E-D810-4FE1-8AF3-7F8945D9EDD2}.Debug|Any CPU.ActiveCfg = Debug|Any CPU
		{403D7E2E-D810-4FE1-8AF3-7F8945D9EDD2}.Debug|Any CPU.Build.0 = Debug|Any CPU
		{403D7E2E-D810-4FE1-8AF3-7F8945D9EDD2}.Release|Any CPU.ActiveCfg = Release|Any CPU
		{403D7E2E-D810-4FE1-8AF3-7F8945D9EDD2}.Release|Any CPU.Build.0 = Release|Any CPU
		{B0C894E7-17C4-4749-99E4-268E1637E009}.Debug|Any CPU.ActiveCfg = Debug|Any CPU
		{B0C894E7-17C4-4749-99E4-268E1637E009}.Debug|Any CPU.Build.0 = Debug|Any CPU
		{B0C894E7-17C4-4749-99E4-268E1637E009}.Release|Any CPU.ActiveCfg = Release|Any CPU
		{B0C894E7-17C4-4749-99E4-268E1637E009}.Release|Any CPU.Build.0 = Release|Any CPU
		{5BE956D5-DD4F-451C-88E8-866F5B720A03}.Debug|Any CPU.ActiveCfg = Debug|Any CPU
		{5BE956D5-DD4F-451C-88E8-866F5B720A03}.Debug|Any CPU.Build.0 = Debug|Any CPU
		{5BE956D5-DD4F-451C-88E8-866F5B720A03}.Release|Any CPU.ActiveCfg = Release|Any CPU
		{5BE956D5-DD4F-451C-88E8-866F5B720A03}.Release|Any CPU.Build.0 = Release|Any CPU
	EndGlobalSection
	GlobalSection(SolutionProperties) = preSolution
		HideSolutionNode = FALSE
	EndGlobalSection
	GlobalSection(ExtensibilityGlobals) = postSolution
		SolutionGuid = {D690B166-234F-419B-8EFD-5D8AC90613DA}
	EndGlobalSection
EndGlobal
